
Microsoft Visual Studio Solution File, Format Version 12.00
# Visual Studio Version 17
VisualStudioVersion = 17.3.32825.248
MinimumVisualStudioVersion = 10.0.40219.1
Project("{FAE04EC0-301F-11D3-BF4B-00C04F79EFBC}") = "BlobManager", "BlobManager\BlobManager.csproj", "{53E20D77-0C8E-400D-926E-A9B4177FA936}"
EndProject
Global
	GlobalSection(SolutionConfigurationPlatforms) = preSolution
		Debug|Any CPU = Debug|Any CPU
		Release|Any CPU = Release|Any CPU
	EndGlobalSection
	GlobalSection(ProjectConfigurationPlatforms) = postSolution
		{53E20D77-0C8E-400D-926E-A9B4177FA936}.Debug|Any CPU.ActiveCfg = Debug|Any CPU
		{53E20D77-0C8E-400D-926E-A9B4177FA936}.Debug|Any CPU.Build.0 = Debug|Any CPU
		{53E20D77-0C8E-400D-926E-A9B4177FA936}.Release|Any CPU.ActiveCfg = Release|Any CPU
		{53E20D77-0C8E-400D-926E-A9B4177FA936}.Release|Any CPU.Build.0 = Release|Any CPU
	EndGlobalSection
	GlobalSection(SolutionProperties) = preSolution
		HideSolutionNode = FALSE
	EndGlobalSection
	GlobalSection(ExtensibilityGlobals) = postSolution
		SolutionGuid = {B35676BC-908B-48C2-A9AB-A7EEAF2359C1}
	EndGlobalSection
EndGlobal
